
Microsoft Visual Studio Solution File, Format Version 12.00
# Visual Studio Version 16
VisualStudioVersion = 16.0.31515.178
MinimumVisualStudioVersion = 10.0.40219.1
Project("{FAE04EC0-301F-11D3-BF4B-00C04F79EFBC}") = "DTOtask", "DTOtask\DTOtask.csproj", "{2A5DBE3C-BFA7-49C5-9638-912EAFCCCE0C}"
EndProject
Global
	GlobalSection(SolutionConfigurationPlatforms) = preSolution
		Debug|Any CPU = Debug|Any CPU
		Release|Any CPU = Release|Any CPU
	EndGlobalSection
	GlobalSection(ProjectConfigurationPlatforms) = postSolution
		{2A5DBE3C-BFA7-49C5-9638-912EAFCCCE0C}.Debug|Any CPU.ActiveCfg = Debug|Any CPU
		{2A5DBE3C-BFA7-49C5-9638-912EAFCCCE0C}.Debug|Any CPU.Build.0 = Debug|Any CPU
		{2A5DBE3C-BFA7-49C5-9638-912EAFCCCE0C}.Release|Any CPU.ActiveCfg = Release|Any CPU
		{2A5DBE3C-BFA7-49C5-9638-912EAFCCCE0C}.Release|Any CPU.Build.0 = Release|Any CPU
	EndGlobalSection
	GlobalSection(SolutionProperties) = preSolution
		HideSolutionNode = FALSE
	EndGlobalSection
	GlobalSection(ExtensibilityGlobals) = postSolution
		SolutionGuid = {274A4077-5B8B-4575-93B0-B8A131F7D79D}
	EndGlobalSection
EndGlobal
